
Microsoft Visual Studio Solution File, Format Version 12.00
# Visual Studio 15
VisualStudioVersion = 15.0.27130.2024
MinimumVisualStudioVersion = 10.0.40219.1
Project("{FAE04EC0-301F-11D3-BF4B-00C04F79EFBC}") = "Scratchpad", "Scratchpad\Scratchpad.csproj", "{D71AB26B-EABF-4BB2-B52F-9B93396722DE}"
EndProject
Project("{FAE04EC0-301F-11D3-BF4B-00C04F79EFBC}") = "People", "People\People.csproj", "{F6841CCE-6143-4308-A863-7738817AFA2D}"
EndProject
Project("{FAE04EC0-301F-11D3-BF4B-00C04F79EFBC}") = "Airports", "Airports\Airports.csproj", "{DA0A65F8-DDD4-439A-A7C6-75D7D0056463}"
EndProject
Project("{FAE04EC0-301F-11D3-BF4B-00C04F79EFBC}") = "Airplanes", "Airplanes\Airplanes.csproj", "{AD0DE61B-162B-4438-B163-6E02729DB009}"
EndProject
Global
	GlobalSection(SolutionConfigurationPlatforms) = preSolution
		Debug|Any CPU = Debug|Any CPU
		Release|Any CPU = Release|Any CPU
	EndGlobalSection
	GlobalSection(ProjectConfigurationPlatforms) = postSolution
		{D71AB26B-EABF-4BB2-B52F-9B93396722DE}.Debug|Any CPU.ActiveCfg = Debug|Any CPU
		{D71AB26B-EABF-4BB2-B52F-9B93396722DE}.Debug|Any CPU.Build.0 = Debug|Any CPU
		{D71AB26B-EABF-4BB2-B52F-9B93396722DE}.Release|Any CPU.ActiveCfg = Release|Any CPU
		{D71AB26B-EABF-4BB2-B52F-9B93396722DE}.Release|Any CPU.Build.0 = Release|Any CPU
		{F6841CCE-6143-4308-A863-7738817AFA2D}.Debug|Any CPU.ActiveCfg = Debug|Any CPU
		{F6841CCE-6143-4308-A863-7738817AFA2D}.Debug|Any CPU.Build.0 = Debug|Any CPU
		{F6841CCE-6143-4308-A863-7738817AFA2D}.Release|Any CPU.ActiveCfg = Release|Any CPU
		{F6841CCE-6143-4308-A863-7738817AFA2D}.Release|Any CPU.Build.0 = Release|Any CPU
		{DA0A65F8-DDD4-439A-A7C6-75D7D0056463}.Debug|Any CPU.ActiveCfg = Debug|Any CPU
		{DA0A65F8-DDD4-439A-A7C6-75D7D0056463}.Debug|Any CPU.Build.0 = Debug|Any CPU
		{DA0A65F8-DDD4-439A-A7C6-75D7D0056463}.Release|Any CPU.ActiveCfg = Release|Any CPU
		{DA0A65F8-DDD4-439A-A7C6-75D7D0056463}.Release|Any CPU.Build.0 = Release|Any CPU
		{AD0DE61B-162B-4438-B163-6E02729DB009}.Debug|Any CPU.ActiveCfg = Debug|Any CPU
		{AD0DE61B-162B-4438-B163-6E02729DB009}.Debug|Any CPU.Build.0 = Debug|Any CPU
		{AD0DE61B-162B-4438-B163-6E02729DB009}.Release|Any CPU.ActiveCfg = Release|Any CPU
		{AD0DE61B-162B-4438-B163-6E02729DB009}.Release|Any CPU.Build.0 = Release|Any CPU
	EndGlobalSection
	GlobalSection(SolutionProperties) = preSolution
		HideSolutionNode = FALSE
	EndGlobalSection
	GlobalSection(ExtensibilityGlobals) = postSolution
		SolutionGuid = {235FCBAD-A1B6-47C2-8341-C0A296E82D2C}
	EndGlobalSection
EndGlobal
